{
  "nodes": {
    "elisp-helpers": {
      "inputs": {
        "fromElisp": "fromElisp"
      },
      "locked": {
        "lastModified": 1741687420,
        "narHash": "sha256-tWPUfH3hCpB6g7a+0AK3lLYnhKgCxry5+pxNKZ2rQoY=",
        "owner": "emacs-twist",
        "repo": "elisp-helpers",
        "rev": "dd91691d642188f857e3fc3fec3e16719810e6d2",
        "type": "github"
      },
      "original": {
        "owner": "emacs-twist",
        "repo": "elisp-helpers",
        "type": "github"
      }
    },
    "emacs-23-4": {
      "flake": false,
      "locked": {
        "narHash": "sha256-OzqhctHmsk30IfS61czooF+1LShToeT614RtqrMNyJw=",
        "type": "tarball",
        "url": "https://ftp.gnu.org/gnu/emacs/emacs-23.4.tar.bz2"
      },
      "original": {
        "type": "tarball",
        "url": "https://ftp.gnu.org/gnu/emacs/emacs-23.4.tar.bz2"
      }
    },
    "emacs-24-1": {
      "flake": false,
      "locked": {
        "narHash": "sha256-UVWKuXneNHq1zJtkGo6eLacUl5MdEbCBL68a8NcYEWk=",
        "type": "tarball",
        "url": "https://ftp.gnu.org/gnu/emacs/emacs-24.1.tar.bz2"
      },
      "original": {
        "type": "tarball",
        "url": "https://ftp.gnu.org/gnu/emacs/emacs-24.1.tar.bz2"
      }
    },
    "emacs-24-2": {
      "flake": false,
      "locked": {
        "narHash": "sha256-zdhQvRQs1ty4b8E4Khf10dCv+iGNuVl4FDCtUFqt2bI=",
        "type": "tarball",
        "url": "https://ftp.gnu.org/gnu/emacs/emacs-24.2.tar.xz"
      },
      "original": {
        "type": "tarball",
        "url": "https://ftp.gnu.org/gnu/emacs/emacs-24.2.tar.xz"
      }
    },
    "emacs-24-3": {
      "flake": false,
      "locked": {
        "narHash": "sha256-kANCrStnnt/0Mxt5qV94iKwcXGgFqqhJVUwRSAC0ez4=",
        "type": "tarball",
        "url": "https://ftp.gnu.org/gnu/emacs/emacs-24.3.tar.xz"
      },
      "original": {
        "type": "tarball",
        "url": "https://ftp.gnu.org/gnu/emacs/emacs-24.3.tar.xz"
      }
    },
    "emacs-24-4": {
      "flake": false,
      "locked": {
        "narHash": "sha256-WDPY5n3pMF7o4noS941GLDQ2zFKa8PvDkWjeMw0Wsm0=",
        "type": "tarball",
        "url": "https://ftp.gnu.org/gnu/emacs/emacs-24.4.tar.xz"
      },
      "original": {
        "type": "tarball",
        "url": "https://ftp.gnu.org/gnu/emacs/emacs-24.4.tar.xz"
      }
    },
    "emacs-24-5": {
      "flake": false,
      "locked": {
        "narHash": "sha256-jb801XX+fMvQ5OBYKpjPPsqAcqgaeYKPRfeZIP8R/rc=",
        "type": "tarball",
        "url": "https://ftp.gnu.org/gnu/emacs/emacs-24.5.tar.xz"
      },
      "original": {
        "type": "tarball",
        "url": "https://ftp.gnu.org/gnu/emacs/emacs-24.5.tar.xz"
      }
    },
    "emacs-25-1": {
      "flake": false,
      "locked": {
        "narHash": "sha256-Lxgh6MOMYYaenkgwFiFw4SZOxkGk+q/4bDv3B8rAAWM=",
        "type": "tarball",
        "url": "https://ftp.gnu.org/gnu/emacs/emacs-25.1.tar.xz"
      },
      "original": {
        "type": "tarball",
        "url": "https://ftp.gnu.org/gnu/emacs/emacs-25.1.tar.xz"
      }
    },
    "emacs-25-2": {
      "flake": false,
      "locked": {
        "narHash": "sha256-L+Tgth/sI7aI+xQOu5iRWxhaivsK6BcmNB7wV1bUzg0=",
        "type": "tarball",
        "url": "https://ftp.gnu.org/gnu/emacs/emacs-25.2.tar.xz"
      },
      "original": {
        "type": "tarball",
        "url": "https://ftp.gnu.org/gnu/emacs/emacs-25.2.tar.xz"
      }
    },
    "emacs-25-3": {
      "flake": false,
      "locked": {
        "narHash": "sha256-1czqSKUzuoJc+WBwpojicwpZE6VKnAqNJt2V04k2ifc=",
        "type": "tarball",
        "url": "https://ftp.gnu.org/gnu/emacs/emacs-25.3.tar.xz"
      },
      "original": {
        "type": "tarball",
        "url": "https://ftp.gnu.org/gnu/emacs/emacs-25.3.tar.xz"
      }
    },
    "emacs-26-1": {
      "flake": false,
      "locked": {
        "narHash": "sha256-amsPbiVbko/Qvsw2cfJdkhq0UHGjhn5uyLN0MEeMq20=",
        "type": "tarball",
        "url": "https://ftp.gnu.org/gnu/emacs/emacs-26.1.tar.xz"
      },
      "original": {
        "type": "tarball",
        "url": "https://ftp.gnu.org/gnu/emacs/emacs-26.1.tar.xz"
      }
    },
    "emacs-26-2": {
      "flake": false,
      "locked": {
        "narHash": "sha256-AvO73gk6Tb+aDARgbgAq6RVz71wBSxh12RrnrD/3TM0=",
        "type": "tarball",
        "url": "https://ftp.gnu.org/gnu/emacs/emacs-26.2.tar.xz"
      },
      "original": {
        "type": "tarball",
        "url": "https://ftp.gnu.org/gnu/emacs/emacs-26.2.tar.xz"
      }
    },
    "emacs-26-3": {
      "flake": false,
      "locked": {
        "narHash": "sha256-iYPYrf/6Cd6wozabn2D/bj9M591vLqO84uPyj3ZN/+I=",
        "type": "tarball",
        "url": "https://ftp.gnu.org/gnu/emacs/emacs-26.3.tar.xz"
      },
      "original": {
        "type": "tarball",
        "url": "https://ftp.gnu.org/gnu/emacs/emacs-26.3.tar.xz"
      }
    },
    "emacs-27-1": {
      "flake": false,
      "locked": {
        "narHash": "sha256-oADGvqBASpU8Q512c+PPF1pwm1/tg2oo2a30ghJ2xVQ=",
        "type": "tarball",
        "url": "https://ftp.gnu.org/gnu/emacs/emacs-27.1.tar.xz"
      },
      "original": {
        "type": "tarball",
        "url": "https://ftp.gnu.org/gnu/emacs/emacs-27.1.tar.xz"
      }
    },
    "emacs-27-2": {
      "flake": false,
      "locked": {
        "narHash": "sha256-BaLVKUHuxGuO3F+/YRQ8DCe8FkR/fkoJIh6p4xbF4m0=",
        "type": "tarball",
        "url": "https://ftp.gnu.org/gnu/emacs/emacs-27.2.tar.xz"
      },
      "original": {
        "type": "tarball",
        "url": "https://ftp.gnu.org/gnu/emacs/emacs-27.2.tar.xz"
      }
    },
    "emacs-28-1": {
      "flake": false,
      "locked": {
        "narHash": "sha256-EGuOesE+gq6wzF4qiqdBQhPm+TGzZnJ/sHxkd4Liz4s=",
        "type": "tarball",
        "url": "https://ftp.gnu.org/gnu/emacs/emacs-28.1.tar.xz"
      },
      "original": {
        "type": "tarball",
        "url": "https://ftp.gnu.org/gnu/emacs/emacs-28.1.tar.xz"
      }
    },
    "emacs-28-2": {
      "flake": false,
      "locked": {
        "narHash": "sha256-+Tmn3gJ+7536KehS3QUGRWFc0ic7xZI/KDl63n/yEp4=",
        "type": "tarball",
        "url": "https://ftp.gnu.org/gnu/emacs/emacs-28.2.tar.xz"
      },
      "original": {
        "type": "tarball",
        "url": "https://ftp.gnu.org/gnu/emacs/emacs-28.2.tar.xz"
      }
    },
    "emacs-29-1": {
      "flake": false,
      "locked": {
        "narHash": "sha256-C7920QvXQvrqUNAScIb++H1+3CC54ppPby+/hh6+yo0=",
        "type": "tarball",
        "url": "https://ftp.gnu.org/gnu/emacs/emacs-29.1.tar.xz"
      },
      "original": {
        "type": "tarball",
        "url": "https://ftp.gnu.org/gnu/emacs/emacs-29.1.tar.xz"
      }
    },
    "emacs-29-2": {
      "flake": false,
      "locked": {
        "lastModified": 1705573161,
        "narHash": "sha256-P589A1XNkmj4ODOXosk1sNkUGJsHSgQtIfWsNjCd+eI=",
        "type": "tarball",
        "url": "https://ftp.gnu.org/gnu/emacs/emacs-29.2.tar.xz"
      },
      "original": {
        "type": "tarball",
        "url": "https://ftp.gnu.org/gnu/emacs/emacs-29.2.tar.xz"
      }
    },
    "emacs-29-3": {
      "flake": false,
      "locked": {
        "lastModified": 1711287509,
        "narHash": "sha256-F/EO5gasb0bW0TIyudp1HAeZfwYjjE7a3ptK2oQbp7Q=",
        "type": "tarball",
        "url": "https://ftp.gnu.org/gnu/emacs/emacs-29.3.tar.xz"
      },
      "original": {
        "type": "tarball",
        "url": "https://ftp.gnu.org/gnu/emacs/emacs-29.3.tar.xz"
      }
    },
    "emacs-29-4": {
      "flake": false,
      "locked": {
        "lastModified": 1719016405,
        "narHash": "sha256-p4jFYnpWdq7op8VqMpvEgdXNkqpyxznli5q6K1TEohk=",
        "type": "tarball",
        "url": "https://ftp.gnu.org/gnu/emacs/emacs-29.4.tar.xz"
      },
      "original": {
        "type": "tarball",
        "url": "https://ftp.gnu.org/gnu/emacs/emacs-29.4.tar.xz"
      }
    },
    "emacs-30-1": {
      "flake": false,
      "locked": {
        "lastModified": 1740327883,
        "narHash": "sha256-UNbaj+6JNDydBh0R92i3ec54lLATo2+th31MghgPC8M=",
        "type": "tarball",
        "url": "https://ftp.gnu.org/gnu/emacs/emacs-30.1.tar.xz"
      },
      "original": {
        "type": "tarball",
        "url": "https://ftp.gnu.org/gnu/emacs/emacs-30.1.tar.xz"
      }
    },
    "emacs-builtins": {
      "inputs": {
        "emacs-ci": "emacs-ci",
        "nixpkgs": "nixpkgs_2",
        "systems": "systems_2",
        "twist": "twist"
      },
      "locked": {
        "lastModified": 1743434995,
        "narHash": "sha256-wzpzzybgmSmUHsBPSlJ0Nbh4+epY0fbi2RiJuLmQeDM=",
        "owner": "emacs-twist",
        "repo": "emacs-builtins",
        "rev": "1a4cdb63af134f2fc0e79f8d7f431517d44978bd",
        "type": "github"
      },
      "original": {
        "owner": "emacs-twist",
        "repo": "emacs-builtins",
        "type": "github"
      }
    },
    "emacs-ci": {
      "inputs": {
        "emacs-23-4": "emacs-23-4",
        "emacs-24-1": "emacs-24-1",
        "emacs-24-2": "emacs-24-2",
        "emacs-24-3": "emacs-24-3",
        "emacs-24-4": "emacs-24-4",
        "emacs-24-5": "emacs-24-5",
        "emacs-25-1": "emacs-25-1",
        "emacs-25-2": "emacs-25-2",
        "emacs-25-3": "emacs-25-3",
        "emacs-26-1": "emacs-26-1",
        "emacs-26-2": "emacs-26-2",
        "emacs-26-3": "emacs-26-3",
        "emacs-27-1": "emacs-27-1",
        "emacs-27-2": "emacs-27-2",
        "emacs-28-1": "emacs-28-1",
        "emacs-28-2": "emacs-28-2",
        "emacs-29-1": "emacs-29-1",
        "emacs-29-2": "emacs-29-2",
        "emacs-29-3": "emacs-29-3",
        "emacs-29-4": "emacs-29-4",
        "emacs-30-1": "emacs-30-1",
        "emacs-release-snapshot": "emacs-release-snapshot",
        "emacs-snapshot": "emacs-snapshot",
        "flake-compat": "flake-compat",
        "flake-utils": "flake-utils",
        "nixpkgs": "nixpkgs"
      },
      "locked": {
        "lastModified": 1743503954,
        "narHash": "sha256-v35qfkv/10N/wtIpAOfdZ8qc5OT0eDqrW6214t+vWFo=",
        "owner": "purcell",
        "repo": "nix-emacs-ci",
        "rev": "1a3581a846d091cc6b230ad87b00fff9b7c3f558",
        "type": "github"
      },
      "original": {
        "owner": "purcell",
        "repo": "nix-emacs-ci",
        "type": "github"
      }
    },
    "emacs-overlay": {
      "inputs": {
        "nixpkgs": "nixpkgs_3",
        "nixpkgs-stable": "nixpkgs-stable"
      },
      "locked": {
        "lastModified": 1743671230,
        "narHash": "sha256-cFw9Rj+MhrhAVbvrI83PJ91GbN2hJfe5xLu8N7d/HC4=",
        "owner": "nix-community",
        "repo": "emacs-overlay",
        "rev": "eb18749a2f536373ea5199cb753f3823d6afd3ac",
        "type": "github"
      },
      "original": {
        "owner": "nix-community",
        "repo": "emacs-overlay",
        "type": "github"
      }
    },
    "emacs-release-snapshot": {
      "flake": false,
      "locked": {
        "lastModified": 1743359993,
        "narHash": "sha256-ZL0meSWnAxIVCiiblCA5gkdpc+ztU0SxkXsRd8nIgro=",
        "owner": "emacs-mirror",
        "repo": "emacs",
        "rev": "43c9eb3df6050f19211e219c7cb03da7a6d9d6dd",
        "type": "github"
      },
      "original": {
        "owner": "emacs-mirror",
        "ref": "emacs-30",
        "repo": "emacs",
        "type": "github"
      }
    },
    "emacs-snapshot": {
      "flake": false,
      "locked": {
        "lastModified": 1743407177,
        "narHash": "sha256-Ch7UNIgZUVsW/LKJjVG7Z5HfTQekh652Cdt9gNdWL1g=",
        "owner": "emacs-mirror",
        "repo": "emacs",
        "rev": "1ed1cc83491311517ba46dff73fdc4383ffd4102",
        "type": "github"
      },
      "original": {
        "owner": "emacs-mirror",
        "repo": "emacs",
        "type": "github"
      }
    },
    "flake-compat": {
      "flake": false,
      "locked": {
        "lastModified": 1673956053,
        "narHash": "sha256-4gtG9iQuiKITOjNQQeQIpoIB6b16fm+504Ch3sNKLd8=",
        "owner": "edolstra",
        "repo": "flake-compat",
        "rev": "35bb57c0c8d8b62bbfd284272c928ceb64ddbde9",
        "type": "github"
      },
      "original": {
        "owner": "edolstra",
        "repo": "flake-compat",
        "type": "github"
      }
    },
    "flake-compat_2": {
      "flake": false,
      "locked": {
        "lastModified": 1733328505,
        "narHash": "sha256-NeCCThCEP3eCl2l/+27kNNK7QrwZB1IJCrXfrbv5oqU=",
        "owner": "edolstra",
        "repo": "flake-compat",
        "rev": "ff81ac966bb2cae68946d5ed5fc4994f96d0ffec",
        "type": "github"
      },
      "original": {
        "owner": "edolstra",
        "repo": "flake-compat",
        "type": "github"
      }
    },
    "flake-parts": {
      "inputs": {
        "nixpkgs-lib": "nixpkgs-lib"
      },
      "locked": {
        "lastModified": 1743550720,
        "narHash": "sha256-hIshGgKZCgWh6AYJpJmRgFdR3WUbkY04o82X05xqQiY=",
        "owner": "hercules-ci",
        "repo": "flake-parts",
        "rev": "c621e8422220273271f52058f618c94e405bb0f5",
        "type": "github"
      },
      "original": {
        "owner": "hercules-ci",
        "repo": "flake-parts",
        "type": "github"
      }
    },
    "flake-utils": {
      "inputs": {
        "systems": "systems"
      },
      "locked": {
        "lastModified": 1687709756,
        "narHash": "sha256-Y5wKlQSkgEK2weWdOu4J3riRd+kV/VCgHsqLNTTWQ/0=",
        "owner": "numtide",
        "repo": "flake-utils",
        "rev": "dbabf0ca0c0c4bce6ea5eaf65af5cb694d2082c7",
        "type": "github"
      },
      "original": {
        "id": "flake-utils",
        "type": "indirect"
      }
    },
    "flake-utils_2": {
      "inputs": {
        "systems": "systems_3"
      },
      "locked": {
        "lastModified": 1731533236,
        "narHash": "sha256-l0KFg5HjrsfsO/JpG+r7fRrqm12kzFHyUHqHCVpMMbI=",
        "owner": "numtide",
        "repo": "flake-utils",
        "rev": "11707dc2f618dd54ca8739b309ec4fc024de578b",
        "type": "github"
      },
      "original": {
        "owner": "numtide",
        "repo": "flake-utils",
        "type": "github"
      }
    },
    "fromElisp": {
      "flake": false,
      "locked": {
        "lastModified": 1723987997,
        "narHash": "sha256-OhaVgTG6zjLByzl+uPTvtCld3p2uqgbCXmOl/s3LVRo=",
        "owner": "talyz",
        "repo": "fromElisp",
        "rev": "f071a0e262c02c0895b575c4e322b7fd90713543",
        "type": "github"
      },
      "original": {
        "owner": "talyz",
        "repo": "fromElisp",
        "type": "github"
      }
    },
    "home-manager-stable": {
      "inputs": {
        "nixpkgs": "nixpkgs_4"
      },
      "locked": {
        "lastModified": 1743387206,
        "narHash": "sha256-24N3NAuZZbYqZ39NgToZgHUw6M7xHrtrAm18kv0+2Wo=",
        "owner": "nix-community",
        "repo": "home-manager",
        "rev": "15c5f9d04fabd176f30286c8f52bbdb2c853a146",
        "type": "github"
      },
      "original": {
        "owner": "nix-community",
        "ref": "release-24.11",
        "repo": "home-manager",
        "type": "github"
      }
    },
    "home-manager-unstable": {
      "inputs": {
        "nixpkgs": "nixpkgs_5"
      },
      "locked": {
        "lastModified": 1743648554,
        "narHash": "sha256-23JFd+zd2GamTTdnGuFVeIg8x8C3hLpQJRh/PGTORzo=",
        "owner": "nix-community",
        "repo": "home-manager",
        "rev": "107352dde4ff3c01cb5a0b3fe17f5beef37215bc",
        "type": "github"
      },
      "original": {
        "owner": "nix-community",
        "repo": "home-manager",
        "type": "github"
      }
    },
    "nix-darwin": {
      "inputs": {
        "nixpkgs": [
          "nixpkgs"
        ]
      },
      "locked": {
        "lastModified": 1743496612,
        "narHash": "sha256-emPWa5lmKbnyuj8c1mSJUkzJNT+iJoU9GMcXwjp2oVM=",
        "owner": "LnL7",
        "repo": "nix-darwin",
        "rev": "73d59580d01e9b9f957ba749f336a272869c42dd",
        "type": "github"
      },
      "original": {
        "owner": "LnL7",
        "repo": "nix-darwin",
        "type": "github"
      }
    },
    "nixpkgs": {
      "locked": {
        "lastModified": 1743441817,
        "narHash": "sha256-+OE03P3u0FRwhS+Ah6EYiwxdS1rcIYlXheuXGM3wP3Q=",
        "owner": "NixOS",
        "repo": "nixpkgs",
        "rev": "3eeaa42ef4c19447b48d1c676fe59077dfd0846e",
        "type": "github"
      },
      "original": {
        "id": "nixpkgs",
        "ref": "nixpkgs-unstable",
        "type": "indirect"
      }
    },
    "nixpkgs-lib": {
      "locked": {
        "lastModified": 1743296961,
        "narHash": "sha256-b1EdN3cULCqtorQ4QeWgLMrd5ZGOjLSLemfa00heasc=",
        "owner": "nix-community",
        "repo": "nixpkgs.lib",
        "rev": "e4822aea2a6d1cdd36653c134cacfd64c97ff4fa",
        "type": "github"
      },
      "original": {
        "owner": "nix-community",
        "repo": "nixpkgs.lib",
        "type": "github"
      }
    },
    "nixpkgs-stable": {
      "locked": {
        "lastModified": 1743576891,
        "narHash": "sha256-vXiKURtntURybE6FMNFAVpRPr8+e8KoLPrYs9TGuAKc=",
        "owner": "NixOS",
        "repo": "nixpkgs",
        "rev": "44a69ed688786e98a101f02b712c313f1ade37ab",
        "type": "github"
      },
      "original": {
        "owner": "NixOS",
        "ref": "nixos-24.11",
        "repo": "nixpkgs",
        "type": "github"
      }
    },
    "nixpkgs_2": {
      "locked": {
        "lastModified": 1743568003,
        "narHash": "sha256-ZID5T65E8ruHqWRcdvZLsczWDOAWIE7om+vQOREwiX0=",
        "owner": "NixOS",
        "repo": "nixpkgs",
        "rev": "b7ba7f9f45c5cd0d8625e9e217c28f8eb6a19a76",
        "type": "github"
      },
      "original": {
        "id": "nixpkgs",
        "type": "indirect"
      }
    },
    "nixpkgs_3": {
      "locked": {
        "lastModified": 1743583204,
        "narHash": "sha256-F7n4+KOIfWrwoQjXrL2wD9RhFYLs2/GGe/MQY1sSdlE=",
        "owner": "NixOS",
        "repo": "nixpkgs",
        "rev": "2c8d3f48d33929642c1c12cd243df4cc7d2ce434",
        "type": "github"
      },
      "original": {
        "owner": "NixOS",
        "ref": "nixos-unstable",
        "repo": "nixpkgs",
        "type": "github"
      }
    },
    "nixpkgs_4": {
      "locked": {
        "lastModified": 1731755305,
        "narHash": "sha256-v5P3dk5JdiT+4x69ZaB18B8+Rcu3TIOrcdG4uEX7WZ8=",
        "owner": "NixOS",
        "repo": "nixpkgs",
        "rev": "057f63b6dc1a2c67301286152eb5af20747a9cb4",
        "type": "github"
      },
      "original": {
        "owner": "NixOS",
        "ref": "nixos-24.11",
        "repo": "nixpkgs",
        "type": "github"
      }
    },
    "nixpkgs_5": {
      "locked": {
        "lastModified": 1743583204,
        "narHash": "sha256-F7n4+KOIfWrwoQjXrL2wD9RhFYLs2/GGe/MQY1sSdlE=",
        "owner": "NixOS",
        "repo": "nixpkgs",
        "rev": "2c8d3f48d33929642c1c12cd243df4cc7d2ce434",
        "type": "github"
      },
      "original": {
        "owner": "NixOS",
        "ref": "nixos-unstable",
        "repo": "nixpkgs",
        "type": "github"
      }
    },
    "nixpkgs_6": {
      "locked": {
        "lastModified": 1743568003,
        "narHash": "sha256-ZID5T65E8ruHqWRcdvZLsczWDOAWIE7om+vQOREwiX0=",
        "owner": "NixOS",
        "repo": "nixpkgs",
        "rev": "b7ba7f9f45c5cd0d8625e9e217c28f8eb6a19a76",
        "type": "github"
      },
      "original": {
        "owner": "NixOS",
        "ref": "nixpkgs-unstable",
        "repo": "nixpkgs",
        "type": "github"
      }
    },
    "ocaml-overlays": {
      "inputs": {
        "nixpkgs": [
          "nixpkgs"
        ]
      },
      "locked": {
        "lastModified": 1743542622,
        "narHash": "sha256-Zz50HrYk0OnDY4Bq6jlpXWbK0nhJvCzWcCf9nGMJkjw=",
        "owner": "nix-ocaml",
        "repo": "nix-overlays",
        "rev": "751038ac31af9d8d328dd7f67e2fecd9c2489833",
        "type": "github"
      },
      "original": {
        "owner": "nix-ocaml",
        "repo": "nix-overlays",
        "type": "github"
      }
    },
    "root": {
      "inputs": {
        "emacs-builtins": "emacs-builtins",
        "emacs-overlay": "emacs-overlay",
        "flake-compat": "flake-compat_2",
        "flake-parts": "flake-parts",
        "flake-utils": "flake-utils_2",
        "home-manager-stable": "home-manager-stable",
        "home-manager-unstable": "home-manager-unstable",
        "nix-darwin": "nix-darwin",
        "nixpkgs": "nixpkgs_6",
        "ocaml-overlays": "ocaml-overlays",
        "rust-overlay": "rust-overlay",
        "stable": "stable",
        "systems": "systems_4",
        "unstable": "unstable"
      }
    },
    "rust-overlay": {
      "inputs": {
        "nixpkgs": [
          "nixpkgs"
        ]
      },
      "locked": {
        "lastModified": 1743647602,
        "narHash": "sha256-fXd8fA6HR7MlUJQzz31zjBzUji4HpGCJ7CMVKSZOe8c=",
        "owner": "oxalica",
        "repo": "rust-overlay",
        "rev": "5b2d60b2e25bcb498103f6fae08da561f6b671da",
        "type": "github"
      },
      "original": {
        "owner": "oxalica",
        "repo": "rust-overlay",
        "type": "github"
      }
    },
    "stable": {
      "locked": {
        "lastModified": 1743576891,
        "narHash": "sha256-vXiKURtntURybE6FMNFAVpRPr8+e8KoLPrYs9TGuAKc=",
        "owner": "NixOS",
        "repo": "nixpkgs",
        "rev": "44a69ed688786e98a101f02b712c313f1ade37ab",
        "type": "github"
      },
      "original": {
        "owner": "NixOS",
        "ref": "nixos-24.11",
        "repo": "nixpkgs",
        "type": "github"
      }
    },
    "systems": {
      "locked": {
        "lastModified": 1681028828,
        "narHash": "sha256-Vy1rq5AaRuLzOxct8nz4T6wlgyUR7zLU309k9mBC768=",
        "owner": "nix-systems",
        "repo": "default",
        "rev": "da67096a3b9bf56a91d16901293e51ba5b49a27e",
        "type": "github"
      },
      "original": {
        "owner": "nix-systems",
        "repo": "default",
        "type": "github"
      }
    },
    "systems_2": {
      "locked": {
        "lastModified": 1681028828,
        "narHash": "sha256-Vy1rq5AaRuLzOxct8nz4T6wlgyUR7zLU309k9mBC768=",
        "owner": "nix-systems",
        "repo": "default",
        "rev": "da67096a3b9bf56a91d16901293e51ba5b49a27e",
        "type": "github"
      },
      "original": {
        "owner": "nix-systems",
        "repo": "default",
        "type": "github"
      }
    },
    "systems_3": {
      "locked": {
        "lastModified": 1681028828,
        "narHash": "sha256-Vy1rq5AaRuLzOxct8nz4T6wlgyUR7zLU309k9mBC768=",
        "owner": "nix-systems",
        "repo": "default",
        "rev": "da67096a3b9bf56a91d16901293e51ba5b49a27e",
        "type": "github"
      },
      "original": {
        "owner": "nix-systems",
        "repo": "default",
        "type": "github"
      }
    },
    "systems_4": {
      "locked": {
        "lastModified": 1681028828,
        "narHash": "sha256-Vy1rq5AaRuLzOxct8nz4T6wlgyUR7zLU309k9mBC768=",
        "owner": "nix-systems",
        "repo": "default",
        "rev": "da67096a3b9bf56a91d16901293e51ba5b49a27e",
        "type": "github"
      },
      "original": {
        "owner": "nix-systems",
        "repo": "default",
        "type": "github"
      }
    },
    "twist": {
      "inputs": {
        "elisp-helpers": "elisp-helpers"
      },
      "locked": {
        "lastModified": 1741687500,
        "narHash": "sha256-3XFSz42KAz53k9dzY5C2QbL5R4uiPwwqZ86RPiOYcNg=",
        "owner": "emacs-twist",
        "repo": "twist.nix",
        "rev": "cb0299ed2d7936357288b77d1f22ddbd9e35808d",
        "type": "github"
      },
      "original": {
        "owner": "emacs-twist",
        "repo": "twist.nix",
        "type": "github"
      }
    },
    "unstable": {
      "locked": {
        "lastModified": 1743583204,
        "narHash": "sha256-F7n4+KOIfWrwoQjXrL2wD9RhFYLs2/GGe/MQY1sSdlE=",
        "owner": "NixOS",
        "repo": "nixpkgs",
        "rev": "2c8d3f48d33929642c1c12cd243df4cc7d2ce434",
        "type": "github"
      },
      "original": {
        "owner": "NixOS",
        "ref": "nixos-unstable",
        "repo": "nixpkgs",
        "type": "github"
      }
    }
  },
  "root": "root",
  "version": 7
}
