{
  "nodes": {
    "elisp-helpers": {
      "flake": false,
      "locked": {
        "lastModified": 1715829318,
        "narHash": "sha256-209M/fenTurHwvyjuJETw++wDykkIy7chdTCOFKLbjQ=",
        "owner": "emacs-twist",
        "repo": "elisp-helpers",
        "rev": "e71fdfbb82f1dbb74a14a037ac6c7861bcc61007",
        "type": "github"
      },
      "original": {
        "owner": "emacs-twist",
        "repo": "elisp-helpers",
        "type": "github"
      }
    },
    "emacs-23-4": {
      "flake": false,
      "locked": {
        "narHash": "sha256-OzqhctHmsk30IfS61czooF+1LShToeT614RtqrMNyJw=",
        "type": "tarball",
        "url": "https://ftp.gnu.org/gnu/emacs/emacs-23.4.tar.bz2"
      },
      "original": {
        "type": "tarball",
        "url": "https://ftp.gnu.org/gnu/emacs/emacs-23.4.tar.bz2"
      }
    },
    "emacs-24-1": {
      "flake": false,
      "locked": {
        "narHash": "sha256-UVWKuXneNHq1zJtkGo6eLacUl5MdEbCBL68a8NcYEWk=",
        "type": "tarball",
        "url": "https://ftp.gnu.org/gnu/emacs/emacs-24.1.tar.bz2"
      },
      "original": {
        "type": "tarball",
        "url": "https://ftp.gnu.org/gnu/emacs/emacs-24.1.tar.bz2"
      }
    },
    "emacs-24-2": {
      "flake": false,
      "locked": {
        "narHash": "sha256-zdhQvRQs1ty4b8E4Khf10dCv+iGNuVl4FDCtUFqt2bI=",
        "type": "tarball",
        "url": "https://ftp.gnu.org/gnu/emacs/emacs-24.2.tar.xz"
      },
      "original": {
        "type": "tarball",
        "url": "https://ftp.gnu.org/gnu/emacs/emacs-24.2.tar.xz"
      }
    },
    "emacs-24-3": {
      "flake": false,
      "locked": {
        "narHash": "sha256-kANCrStnnt/0Mxt5qV94iKwcXGgFqqhJVUwRSAC0ez4=",
        "type": "tarball",
        "url": "https://ftp.gnu.org/gnu/emacs/emacs-24.3.tar.xz"
      },
      "original": {
        "type": "tarball",
        "url": "https://ftp.gnu.org/gnu/emacs/emacs-24.3.tar.xz"
      }
    },
    "emacs-24-4": {
      "flake": false,
      "locked": {
        "narHash": "sha256-WDPY5n3pMF7o4noS941GLDQ2zFKa8PvDkWjeMw0Wsm0=",
        "type": "tarball",
        "url": "https://ftp.gnu.org/gnu/emacs/emacs-24.4.tar.xz"
      },
      "original": {
        "type": "tarball",
        "url": "https://ftp.gnu.org/gnu/emacs/emacs-24.4.tar.xz"
      }
    },
    "emacs-24-5": {
      "flake": false,
      "locked": {
        "narHash": "sha256-jb801XX+fMvQ5OBYKpjPPsqAcqgaeYKPRfeZIP8R/rc=",
        "type": "tarball",
        "url": "https://ftp.gnu.org/gnu/emacs/emacs-24.5.tar.xz"
      },
      "original": {
        "type": "tarball",
        "url": "https://ftp.gnu.org/gnu/emacs/emacs-24.5.tar.xz"
      }
    },
    "emacs-25-1": {
      "flake": false,
      "locked": {
        "narHash": "sha256-Lxgh6MOMYYaenkgwFiFw4SZOxkGk+q/4bDv3B8rAAWM=",
        "type": "tarball",
        "url": "https://ftp.gnu.org/gnu/emacs/emacs-25.1.tar.xz"
      },
      "original": {
        "type": "tarball",
        "url": "https://ftp.gnu.org/gnu/emacs/emacs-25.1.tar.xz"
      }
    },
    "emacs-25-2": {
      "flake": false,
      "locked": {
        "narHash": "sha256-L+Tgth/sI7aI+xQOu5iRWxhaivsK6BcmNB7wV1bUzg0=",
        "type": "tarball",
        "url": "https://ftp.gnu.org/gnu/emacs/emacs-25.2.tar.xz"
      },
      "original": {
        "type": "tarball",
        "url": "https://ftp.gnu.org/gnu/emacs/emacs-25.2.tar.xz"
      }
    },
    "emacs-25-3": {
      "flake": false,
      "locked": {
        "narHash": "sha256-1czqSKUzuoJc+WBwpojicwpZE6VKnAqNJt2V04k2ifc=",
        "type": "tarball",
        "url": "https://ftp.gnu.org/gnu/emacs/emacs-25.3.tar.xz"
      },
      "original": {
        "type": "tarball",
        "url": "https://ftp.gnu.org/gnu/emacs/emacs-25.3.tar.xz"
      }
    },
    "emacs-26-1": {
      "flake": false,
      "locked": {
        "narHash": "sha256-amsPbiVbko/Qvsw2cfJdkhq0UHGjhn5uyLN0MEeMq20=",
        "type": "tarball",
        "url": "https://ftp.gnu.org/gnu/emacs/emacs-26.1.tar.xz"
      },
      "original": {
        "type": "tarball",
        "url": "https://ftp.gnu.org/gnu/emacs/emacs-26.1.tar.xz"
      }
    },
    "emacs-26-2": {
      "flake": false,
      "locked": {
        "narHash": "sha256-AvO73gk6Tb+aDARgbgAq6RVz71wBSxh12RrnrD/3TM0=",
        "type": "tarball",
        "url": "https://ftp.gnu.org/gnu/emacs/emacs-26.2.tar.xz"
      },
      "original": {
        "type": "tarball",
        "url": "https://ftp.gnu.org/gnu/emacs/emacs-26.2.tar.xz"
      }
    },
    "emacs-26-3": {
      "flake": false,
      "locked": {
        "narHash": "sha256-iYPYrf/6Cd6wozabn2D/bj9M591vLqO84uPyj3ZN/+I=",
        "type": "tarball",
        "url": "https://ftp.gnu.org/gnu/emacs/emacs-26.3.tar.xz"
      },
      "original": {
        "type": "tarball",
        "url": "https://ftp.gnu.org/gnu/emacs/emacs-26.3.tar.xz"
      }
    },
    "emacs-27-1": {
      "flake": false,
      "locked": {
        "narHash": "sha256-oADGvqBASpU8Q512c+PPF1pwm1/tg2oo2a30ghJ2xVQ=",
        "type": "tarball",
        "url": "https://ftp.gnu.org/gnu/emacs/emacs-27.1.tar.xz"
      },
      "original": {
        "type": "tarball",
        "url": "https://ftp.gnu.org/gnu/emacs/emacs-27.1.tar.xz"
      }
    },
    "emacs-27-2": {
      "flake": false,
      "locked": {
        "narHash": "sha256-BaLVKUHuxGuO3F+/YRQ8DCe8FkR/fkoJIh6p4xbF4m0=",
        "type": "tarball",
        "url": "https://ftp.gnu.org/gnu/emacs/emacs-27.2.tar.xz"
      },
      "original": {
        "type": "tarball",
        "url": "https://ftp.gnu.org/gnu/emacs/emacs-27.2.tar.xz"
      }
    },
    "emacs-28-1": {
      "flake": false,
      "locked": {
        "narHash": "sha256-EGuOesE+gq6wzF4qiqdBQhPm+TGzZnJ/sHxkd4Liz4s=",
        "type": "tarball",
        "url": "https://ftp.gnu.org/gnu/emacs/emacs-28.1.tar.xz"
      },
      "original": {
        "type": "tarball",
        "url": "https://ftp.gnu.org/gnu/emacs/emacs-28.1.tar.xz"
      }
    },
    "emacs-28-2": {
      "flake": false,
      "locked": {
        "narHash": "sha256-+Tmn3gJ+7536KehS3QUGRWFc0ic7xZI/KDl63n/yEp4=",
        "type": "tarball",
        "url": "https://ftp.gnu.org/gnu/emacs/emacs-28.2.tar.xz"
      },
      "original": {
        "type": "tarball",
        "url": "https://ftp.gnu.org/gnu/emacs/emacs-28.2.tar.xz"
      }
    },
    "emacs-29-1": {
      "flake": false,
      "locked": {
        "narHash": "sha256-C7920QvXQvrqUNAScIb++H1+3CC54ppPby+/hh6+yo0=",
        "type": "tarball",
        "url": "https://ftp.gnu.org/gnu/emacs/emacs-29.1.tar.xz"
      },
      "original": {
        "type": "tarball",
        "url": "https://ftp.gnu.org/gnu/emacs/emacs-29.1.tar.xz"
      }
    },
    "emacs-29-2": {
      "flake": false,
      "locked": {
        "lastModified": 1705573161,
        "narHash": "sha256-P589A1XNkmj4ODOXosk1sNkUGJsHSgQtIfWsNjCd+eI=",
        "type": "tarball",
        "url": "https://ftp.gnu.org/gnu/emacs/emacs-29.2.tar.xz"
      },
      "original": {
        "type": "tarball",
        "url": "https://ftp.gnu.org/gnu/emacs/emacs-29.2.tar.xz"
      }
    },
    "emacs-29-3": {
      "flake": false,
      "locked": {
        "lastModified": 1711287509,
        "narHash": "sha256-F/EO5gasb0bW0TIyudp1HAeZfwYjjE7a3ptK2oQbp7Q=",
        "type": "tarball",
        "url": "https://ftp.gnu.org/gnu/emacs/emacs-29.3.tar.xz"
      },
      "original": {
        "type": "tarball",
        "url": "https://ftp.gnu.org/gnu/emacs/emacs-29.3.tar.xz"
      }
    },
    "emacs-29-4": {
      "flake": false,
      "locked": {
        "lastModified": 1719016405,
        "narHash": "sha256-p4jFYnpWdq7op8VqMpvEgdXNkqpyxznli5q6K1TEohk=",
        "type": "tarball",
        "url": "https://ftp.gnu.org/gnu/emacs/emacs-29.4.tar.xz"
      },
      "original": {
        "type": "tarball",
        "url": "https://ftp.gnu.org/gnu/emacs/emacs-29.4.tar.xz"
      }
    },
    "emacs-builtins": {
      "inputs": {
        "emacs-ci": "emacs-ci",
        "nixpkgs": "nixpkgs_2",
        "systems": "systems_2",
        "twist": "twist"
      },
      "locked": {
        "lastModified": 1719056736,
        "narHash": "sha256-PDUSzWc45K70EMNhBmKKvElGE8yFLawIvQBn1TtqWg0=",
        "owner": "emacs-twist",
        "repo": "emacs-builtins",
        "rev": "8cdfc81ec23c1132685fdaead790f3ef93949c4c",
        "type": "github"
      },
      "original": {
        "owner": "emacs-twist",
        "repo": "emacs-builtins",
        "type": "github"
      }
    },
    "emacs-ci": {
      "inputs": {
        "emacs-23-4": "emacs-23-4",
        "emacs-24-1": "emacs-24-1",
        "emacs-24-2": "emacs-24-2",
        "emacs-24-3": "emacs-24-3",
        "emacs-24-4": "emacs-24-4",
        "emacs-24-5": "emacs-24-5",
        "emacs-25-1": "emacs-25-1",
        "emacs-25-2": "emacs-25-2",
        "emacs-25-3": "emacs-25-3",
        "emacs-26-1": "emacs-26-1",
        "emacs-26-2": "emacs-26-2",
        "emacs-26-3": "emacs-26-3",
        "emacs-27-1": "emacs-27-1",
        "emacs-27-2": "emacs-27-2",
        "emacs-28-1": "emacs-28-1",
        "emacs-28-2": "emacs-28-2",
        "emacs-29-1": "emacs-29-1",
        "emacs-29-2": "emacs-29-2",
        "emacs-29-3": "emacs-29-3",
        "emacs-29-4": "emacs-29-4",
        "emacs-release-snapshot": "emacs-release-snapshot",
        "emacs-snapshot": "emacs-snapshot",
        "flake-compat": "flake-compat",
        "flake-utils": "flake-utils",
        "nixpkgs": "nixpkgs"
      },
      "locked": {
        "lastModified": 1719928867,
        "narHash": "sha256-YHyio5Bxx+A2k6fDKskAV6Bu0FMVGcjcEFmqf8p8E5k=",
        "owner": "purcell",
        "repo": "nix-emacs-ci",
        "rev": "ebc744834236e4d7725227825f9fd7a27d5d783b",
        "type": "github"
      },
      "original": {
        "owner": "purcell",
        "repo": "nix-emacs-ci",
        "type": "github"
      }
    },
    "emacs-overlay": {
      "inputs": {
        "flake-utils": "flake-utils_2",
        "nixpkgs": "nixpkgs_3",
        "nixpkgs-stable": "nixpkgs-stable"
      },
      "locked": {
        "lastModified": 1720023672,
        "narHash": "sha256-Rdtg0WsPQj45jdxZvgM8mFxIF4hm7gdB8oQm8fiKTvs=",
        "owner": "nix-community",
        "repo": "emacs-overlay",
        "rev": "6090c122978df8fcd0cf94765e6792610a7b7f07",
        "type": "github"
      },
      "original": {
        "owner": "nix-community",
        "repo": "emacs-overlay",
        "type": "github"
      }
    },
    "emacs-release-snapshot": {
      "flake": false,
      "locked": {
        "lastModified": 1719168862,
        "narHash": "sha256-v8rfz3k9OMyqoj7fLNLulYLOkg0fTKe3Pd0Wm8Ridfk=",
        "owner": "emacs-mirror",
        "repo": "emacs",
        "rev": "75ca15f2a3146b17fde5e2a50ad9102c6108ba7f",
        "type": "github"
      },
      "original": {
        "owner": "emacs-mirror",
        "ref": "emacs-29",
        "repo": "emacs",
        "type": "github"
      }
    },
    "emacs-snapshot": {
      "flake": false,
      "locked": {
        "lastModified": 1719760329,
        "narHash": "sha256-DeJfaKZYGauLpjcuraVVMn2fERLVd99AiTt5g8BNv38=",
        "owner": "emacs-mirror",
        "repo": "emacs",
        "rev": "7c8d4e96ba6db19bdca20a87bafed024a84eb517",
        "type": "github"
      },
      "original": {
        "owner": "emacs-mirror",
        "repo": "emacs",
        "type": "github"
      }
    },
    "flake-compat": {
      "flake": false,
      "locked": {
        "lastModified": 1673956053,
        "narHash": "sha256-4gtG9iQuiKITOjNQQeQIpoIB6b16fm+504Ch3sNKLd8=",
        "owner": "edolstra",
        "repo": "flake-compat",
        "rev": "35bb57c0c8d8b62bbfd284272c928ceb64ddbde9",
        "type": "github"
      },
      "original": {
        "owner": "edolstra",
        "repo": "flake-compat",
        "type": "github"
      }
    },
    "flake-compat_2": {
      "flake": false,
      "locked": {
        "lastModified": 1696426674,
        "narHash": "sha256-kvjfFW7WAETZlt09AgDn1MrtKzP7t90Vf7vypd3OL1U=",
        "owner": "edolstra",
        "repo": "flake-compat",
        "rev": "0f9255e01c2351cc7d116c072cb317785dd33b33",
        "type": "github"
      },
      "original": {
        "owner": "edolstra",
        "repo": "flake-compat",
        "type": "github"
      }
    },
    "flake-utils": {
      "inputs": {
        "systems": "systems"
      },
      "locked": {
        "lastModified": 1687709756,
        "narHash": "sha256-Y5wKlQSkgEK2weWdOu4J3riRd+kV/VCgHsqLNTTWQ/0=",
        "owner": "numtide",
        "repo": "flake-utils",
        "rev": "dbabf0ca0c0c4bce6ea5eaf65af5cb694d2082c7",
        "type": "github"
      },
      "original": {
        "id": "flake-utils",
        "type": "indirect"
      }
    },
    "flake-utils_2": {
      "inputs": {
        "systems": "systems_3"
      },
      "locked": {
        "lastModified": 1710146030,
        "narHash": "sha256-SZ5L6eA7HJ/nmkzGG7/ISclqe6oZdOZTNoesiInkXPQ=",
        "owner": "numtide",
        "repo": "flake-utils",
        "rev": "b1d9ab70662946ef0850d488da1c9019f3a9752a",
        "type": "github"
      },
      "original": {
        "owner": "numtide",
        "repo": "flake-utils",
        "type": "github"
      }
    },
    "flake-utils_3": {
      "inputs": {
        "systems": "systems_4"
      },
      "locked": {
        "lastModified": 1710146030,
        "narHash": "sha256-SZ5L6eA7HJ/nmkzGG7/ISclqe6oZdOZTNoesiInkXPQ=",
        "owner": "numtide",
        "repo": "flake-utils",
        "rev": "b1d9ab70662946ef0850d488da1c9019f3a9752a",
        "type": "github"
      },
      "original": {
        "owner": "numtide",
        "repo": "flake-utils",
        "type": "github"
      }
    },
    "flake-utils_4": {
      "inputs": {
        "systems": "systems_5"
      },
      "locked": {
        "lastModified": 1710146030,
        "narHash": "sha256-SZ5L6eA7HJ/nmkzGG7/ISclqe6oZdOZTNoesiInkXPQ=",
        "owner": "numtide",
        "repo": "flake-utils",
        "rev": "b1d9ab70662946ef0850d488da1c9019f3a9752a",
        "type": "github"
      },
      "original": {
        "owner": "numtide",
        "repo": "flake-utils",
        "type": "github"
      }
    },
    "home-manager-stable": {
      "inputs": {
        "nixpkgs": "nixpkgs_4"
      },
      "locked": {
        "lastModified": 1716729631,
        "narHash": "sha256-IerjU5GUeKc0eW9FPOdlPveSGJ2ZrO+lIfuHPUmUF2I=",
        "owner": "nix-community",
        "repo": "home-manager",
        "rev": "fc4492181833eaaa7a26a8081c0615d95792d825",
        "type": "github"
      },
      "original": {
        "owner": "nix-community",
        "ref": "release-23.05",
        "repo": "home-manager",
        "type": "github"
      }
    },
    "home-manager-unstable": {
      "inputs": {
        "nixpkgs": "nixpkgs_5"
      },
      "locked": {
        "lastModified": 1719992360,
        "narHash": "sha256-SRq0ZRkqagqpMGVf4z9q9CIWRbPYjO7FTqSJyWh7nes=",
        "owner": "nix-community",
        "repo": "home-manager",
        "rev": "36e2f9da91ce8b63a549a47688ae60d47c50de4b",
        "type": "github"
      },
      "original": {
        "owner": "nix-community",
        "repo": "home-manager",
        "type": "github"
      }
    },
    "nix-darwin": {
      "inputs": {
        "nixpkgs": [
          "nixpkgs"
        ]
      },
      "locked": {
        "lastModified": 1719845423,
        "narHash": "sha256-ZLHDmWAsHQQKnmfyhYSHJDlt8Wfjv6SQhl2qek42O7A=",
        "owner": "LnL7",
        "repo": "nix-darwin",
        "rev": "ec12b88104d6c117871fad55e931addac4626756",
        "type": "github"
      },
      "original": {
        "owner": "LnL7",
        "repo": "nix-darwin",
        "type": "github"
      }
    },
    "nixpkgs": {
      "locked": {
        "lastModified": 1719760900,
        "narHash": "sha256-NkvFphHXKtQQ8F0XrqGlqkOhjHbE3671F8oLxwtTHhk=",
        "owner": "NixOS",
        "repo": "nixpkgs",
        "rev": "12a9c0004bc987afb1ff511ebb97b67497a68e22",
        "type": "github"
      },
      "original": {
        "id": "nixpkgs",
        "ref": "nixpkgs-unstable",
        "type": "indirect"
      }
    },
    "nixpkgs-stable": {
      "locked": {
        "lastModified": 1719837636,
        "narHash": "sha256-sTya/Vhqtdi7Kxx/eVldJRGTPKcyGgFG3ZugOqcbmiE=",
        "owner": "NixOS",
        "repo": "nixpkgs",
        "rev": "28f8f3531ebdbea069995c20bd946a295699f275",
        "type": "github"
      },
      "original": {
        "owner": "NixOS",
        "ref": "nixos-23.11",
        "repo": "nixpkgs",
        "type": "github"
      }
    },
    "nixpkgs_2": {
      "locked": {
        "lastModified": 1719931832,
        "narHash": "sha256-0LD+KePCKKEb4CcPsTBOwf019wDtZJanjoKm1S8q3Do=",
        "owner": "NixOS",
        "repo": "nixpkgs",
        "rev": "0aeab749216e4c073cece5d34bc01b79e717c3e0",
        "type": "github"
      },
      "original": {
        "id": "nixpkgs",
        "type": "indirect"
      }
    },
    "nixpkgs_3": {
      "locked": {
        "lastModified": 1719848872,
        "narHash": "sha256-H3+EC5cYuq+gQW8y0lSrrDZfH71LB4DAf+TDFyvwCNA=",
        "owner": "NixOS",
        "repo": "nixpkgs",
        "rev": "00d80d13810dbfea8ab4ed1009b09100cca86ba8",
        "type": "github"
      },
      "original": {
        "owner": "NixOS",
        "ref": "nixos-unstable",
        "repo": "nixpkgs",
        "type": "github"
      }
    },
    "nixpkgs_4": {
      "locked": {
        "lastModified": 1687466461,
        "narHash": "sha256-oupXI7g7RPzlpGUfAu1xG4KBK53GrZH8/xeKgKDB4+Q=",
        "owner": "nixos",
        "repo": "nixpkgs",
        "rev": "ecb441f22067ba1d6312f4932a7c64efa8d19a7b",
        "type": "github"
      },
      "original": {
        "owner": "nixos",
        "ref": "nixos-23.05",
        "repo": "nixpkgs",
        "type": "github"
      }
    },
    "nixpkgs_5": {
      "locked": {
        "lastModified": 1719506693,
        "narHash": "sha256-C8e9S7RzshSdHB7L+v9I51af1gDM5unhJ2xO1ywxNH8=",
        "owner": "NixOS",
        "repo": "nixpkgs",
        "rev": "b2852eb9365c6de48ffb0dc2c9562591f652242a",
        "type": "github"
      },
      "original": {
        "owner": "NixOS",
        "ref": "nixos-unstable",
        "repo": "nixpkgs",
        "type": "github"
      }
    },
    "nixpkgs_6": {
      "locked": {
        "lastModified": 1719931832,
        "narHash": "sha256-0LD+KePCKKEb4CcPsTBOwf019wDtZJanjoKm1S8q3Do=",
        "owner": "NixOS",
        "repo": "nixpkgs",
        "rev": "0aeab749216e4c073cece5d34bc01b79e717c3e0",
        "type": "github"
      },
      "original": {
        "owner": "NixOS",
        "ref": "nixpkgs-unstable",
        "repo": "nixpkgs",
        "type": "github"
      }
    },
    "ocaml-overlays": {
      "inputs": {
        "flake-utils": "flake-utils_4",
        "nixpkgs": [
          "nixpkgs"
        ]
      },
      "locked": {
        "lastModified": 1719856582,
        "narHash": "sha256-FH8Bo8uDzgPvWhdpvO/UDNcN5x19Hc/8wAY2LvoHk9o=",
        "owner": "nix-ocaml",
        "repo": "nix-overlays",
        "rev": "b6c6fad7a40227db49e2628947db34745d6b7f53",
        "type": "github"
      },
      "original": {
        "owner": "nix-ocaml",
        "repo": "nix-overlays",
        "type": "github"
      }
    },
    "root": {
      "inputs": {
        "emacs-builtins": "emacs-builtins",
        "emacs-overlay": "emacs-overlay",
        "flake-compat": "flake-compat_2",
        "flake-utils": "flake-utils_3",
        "home-manager-stable": "home-manager-stable",
        "home-manager-unstable": "home-manager-unstable",
        "nix-darwin": "nix-darwin",
        "nixpkgs": "nixpkgs_6",
        "ocaml-overlays": "ocaml-overlays",
        "rust-overlay": "rust-overlay",
        "stable": "stable",
        "systems": "systems_6",
        "unstable": "unstable"
      }
    },
    "rust-overlay": {
      "inputs": {
        "nixpkgs": [
          "nixpkgs"
        ]
      },
      "locked": {
        "lastModified": 1719973106,
        "narHash": "sha256-IGCdN/m7DfwUfxZjFnlTiTtpwSHCb01P/LWavAKD2jw=",
        "owner": "oxalica",
        "repo": "rust-overlay",
        "rev": "fb733500aead50880b9b301f34a0061bf997d6f2",
        "type": "github"
      },
      "original": {
        "owner": "oxalica",
        "repo": "rust-overlay",
        "type": "github"
      }
    },
    "stable": {
      "locked": {
        "lastModified": 1704290814,
        "narHash": "sha256-LWvKHp7kGxk/GEtlrGYV68qIvPHkU9iToomNFGagixU=",
        "owner": "NixOS",
        "repo": "nixpkgs",
        "rev": "70bdadeb94ffc8806c0570eb5c2695ad29f0e421",
        "type": "github"
      },
      "original": {
        "owner": "NixOS",
        "ref": "nixos-23.05",
        "repo": "nixpkgs",
        "type": "github"
      }
    },
    "systems": {
      "locked": {
        "lastModified": 1681028828,
        "narHash": "sha256-Vy1rq5AaRuLzOxct8nz4T6wlgyUR7zLU309k9mBC768=",
        "owner": "nix-systems",
        "repo": "default",
        "rev": "da67096a3b9bf56a91d16901293e51ba5b49a27e",
        "type": "github"
      },
      "original": {
        "owner": "nix-systems",
        "repo": "default",
        "type": "github"
      }
    },
    "systems_2": {
      "locked": {
        "lastModified": 1681028828,
        "narHash": "sha256-Vy1rq5AaRuLzOxct8nz4T6wlgyUR7zLU309k9mBC768=",
        "owner": "nix-systems",
        "repo": "default",
        "rev": "da67096a3b9bf56a91d16901293e51ba5b49a27e",
        "type": "github"
      },
      "original": {
        "owner": "nix-systems",
        "repo": "default",
        "type": "github"
      }
    },
    "systems_3": {
      "locked": {
        "lastModified": 1681028828,
        "narHash": "sha256-Vy1rq5AaRuLzOxct8nz4T6wlgyUR7zLU309k9mBC768=",
        "owner": "nix-systems",
        "repo": "default",
        "rev": "da67096a3b9bf56a91d16901293e51ba5b49a27e",
        "type": "github"
      },
      "original": {
        "owner": "nix-systems",
        "repo": "default",
        "type": "github"
      }
    },
    "systems_4": {
      "locked": {
        "lastModified": 1681028828,
        "narHash": "sha256-Vy1rq5AaRuLzOxct8nz4T6wlgyUR7zLU309k9mBC768=",
        "owner": "nix-systems",
        "repo": "default",
        "rev": "da67096a3b9bf56a91d16901293e51ba5b49a27e",
        "type": "github"
      },
      "original": {
        "owner": "nix-systems",
        "repo": "default",
        "type": "github"
      }
    },
    "systems_5": {
      "locked": {
        "lastModified": 1681028828,
        "narHash": "sha256-Vy1rq5AaRuLzOxct8nz4T6wlgyUR7zLU309k9mBC768=",
        "owner": "nix-systems",
        "repo": "default",
        "rev": "da67096a3b9bf56a91d16901293e51ba5b49a27e",
        "type": "github"
      },
      "original": {
        "owner": "nix-systems",
        "repo": "default",
        "type": "github"
      }
    },
    "systems_6": {
      "locked": {
        "lastModified": 1681028828,
        "narHash": "sha256-Vy1rq5AaRuLzOxct8nz4T6wlgyUR7zLU309k9mBC768=",
        "owner": "nix-systems",
        "repo": "default",
        "rev": "da67096a3b9bf56a91d16901293e51ba5b49a27e",
        "type": "github"
      },
      "original": {
        "owner": "nix-systems",
        "repo": "default",
        "type": "github"
      }
    },
    "twist": {
      "inputs": {
        "elisp-helpers": "elisp-helpers"
      },
      "locked": {
        "lastModified": 1720009535,
        "narHash": "sha256-gEMUkymnF6FEEzJuxk2M+J1PS2V8xYpvDxFe9xH30Hs=",
        "owner": "emacs-twist",
        "repo": "twist.nix",
        "rev": "0f28a2ad2f664432383f758f5ef806c4bb264676",
        "type": "github"
      },
      "original": {
        "owner": "emacs-twist",
        "repo": "twist.nix",
        "type": "github"
      }
    },
    "unstable": {
      "locked": {
        "lastModified": 1719848872,
        "narHash": "sha256-H3+EC5cYuq+gQW8y0lSrrDZfH71LB4DAf+TDFyvwCNA=",
        "owner": "NixOS",
        "repo": "nixpkgs",
        "rev": "00d80d13810dbfea8ab4ed1009b09100cca86ba8",
        "type": "github"
      },
      "original": {
        "owner": "NixOS",
        "ref": "nixos-unstable",
        "repo": "nixpkgs",
        "type": "github"
      }
    }
  },
  "root": "root",
  "version": 7
}
