{
  "nodes": {
    "cli-tools": {
      "inputs": {
        "epubinfo": "epubinfo",
        "nixpkgs": [
          "nixpkgs"
        ],
        "squasher": "squasher",
        "systems": "systems_3"
      },
      "locked": {
        "lastModified": 1,
        "narHash": "sha256-8egaOQLqs9/Us7rmnKIpcgf6lFCvv7iuuVVArzHmx0Q=",
        "path": "./cli-tools",
        "type": "path"
      },
      "original": {
        "path": "./cli-tools",
        "type": "path"
      }
    },
    "data": {
      "inputs": {
        "nixpkgs": [
          "nixpkgs"
        ],
        "systems": "systems_4"
      },
      "locked": {
        "lastModified": 1,
        "narHash": "sha256-Bt/pVUZlUTeYWck6Os6QMsnU/hXwEVipyihFrCBqVDk=",
        "path": "./data",
        "type": "path"
      },
      "original": {
        "path": "./data",
        "type": "path"
      }
    },
    "epubinfo": {
      "inputs": {
        "flake-parts": "flake-parts",
        "haskell-flake": "haskell-flake",
        "nixpkgs": "nixpkgs",
        "systems": "systems",
        "treefmt-nix": "treefmt-nix"
      },
      "locked": {
        "lastModified": 1728614558,
        "narHash": "sha256-FXU4/lg6aawp7w7AbxMcFwioM0iMOcxOciF0nBRHfw8=",
        "owner": "akirak",
        "repo": "epubinfo",
        "rev": "d906ce416bfe561d8d5b846ce3736dc6b4a9e6a3",
        "type": "github"
      },
      "original": {
        "owner": "akirak",
        "repo": "epubinfo",
        "type": "github"
      }
    },
    "flake-parts": {
      "inputs": {
        "nixpkgs-lib": "nixpkgs-lib"
      },
      "locked": {
        "lastModified": 1726153070,
        "narHash": "sha256-HO4zgY0ekfwO5bX0QH/3kJ/h4KvUDFZg8YpkNwIbg1U=",
        "owner": "hercules-ci",
        "repo": "flake-parts",
        "rev": "bcef6817a8b2aa20a5a6dbb19b43e63c5bf8619a",
        "type": "github"
      },
      "original": {
        "owner": "hercules-ci",
        "repo": "flake-parts",
        "type": "github"
      }
    },
    "fonts": {
      "inputs": {
        "nixpkgs": [
          "nixpkgs"
        ],
        "systems": "systems_5"
      },
      "locked": {
        "lastModified": 1,
        "narHash": "sha256-4t1g4vl1BLzWIZgF/0LOot31l2efrB6RgiMfIFQ81DQ=",
        "path": "./fonts",
        "type": "path"
      },
      "original": {
        "path": "./fonts",
        "type": "path"
      }
    },
    "haskell-flake": {
      "locked": {
        "lastModified": 1727626046,
        "narHash": "sha256-DFaptqqL4zxUnk4GIGC4HWT8/SzuY6O3A+VCM7nHFfs=",
        "owner": "srid",
        "repo": "haskell-flake",
        "rev": "867c3dddf7dd8eb26cbf69c1a7e31f1a38b04126",
        "type": "github"
      },
      "original": {
        "owner": "srid",
        "repo": "haskell-flake",
        "type": "github"
      }
    },
    "nixpkgs": {
      "locked": {
        "lastModified": 1727648392,
        "narHash": "sha256-VTlVv1nSxImFxY6RPQpNZxvEOQ0u5s1wBFDgixySNDo=",
        "owner": "nixos",
        "repo": "nixpkgs",
        "rev": "4e0c36e4dd53f35d5a6385bdae88895ec5832f70",
        "type": "github"
      },
      "original": {
        "owner": "nixos",
        "ref": "nixpkgs-unstable",
        "repo": "nixpkgs",
        "type": "github"
      }
    },
    "nixpkgs-lib": {
      "locked": {
        "lastModified": 1725233747,
        "narHash": "sha256-Ss8QWLXdr2JCBPcYChJhz4xJm+h/xjl4G0c0XlP6a74=",
        "type": "tarball",
        "url": "https://github.com/NixOS/nixpkgs/archive/356624c12086a18f2ea2825fed34523d60ccc4e3.tar.gz"
      },
      "original": {
        "type": "tarball",
        "url": "https://github.com/NixOS/nixpkgs/archive/356624c12086a18f2ea2825fed34523d60ccc4e3.tar.gz"
      }
    },
    "nixpkgs_2": {
      "locked": {
        "lastModified": 1726871744,
        "narHash": "sha256-V5LpfdHyQkUF7RfOaDPrZDP+oqz88lTJrMT1+stXNwo=",
        "owner": "nixos",
        "repo": "nixpkgs",
        "rev": "a1d92660c6b3b7c26fb883500a80ea9d33321be2",
        "type": "github"
      },
      "original": {
        "owner": "nixos",
        "ref": "nixpkgs-unstable",
        "repo": "nixpkgs",
        "type": "github"
      }
    },
    "nixpkgs_3": {
      "locked": {
        "lastModified": 1733064805,
        "narHash": "sha256-7NbtSLfZO0q7MXPl5hzA0sbVJt6pWxxtGWbaVUDDmjs=",
        "owner": "NixOS",
        "repo": "nixpkgs",
        "rev": "31d66ae40417bb13765b0ad75dd200400e98de84",
        "type": "github"
      },
      "original": {
        "id": "nixpkgs",
        "type": "indirect"
      }
    },
    "nixpkgs_4": {
      "locked": {
        "lastModified": 1735685343,
        "narHash": "sha256-h1CpBzdJDNtSUb5QMyfFHKHocTTky+4McgQEBQBM+xA=",
        "owner": "NixOS",
        "repo": "nixpkgs",
        "rev": "81934660d6e9ea54d2f0cdee821e8533b10c221a",
        "type": "github"
      },
      "original": {
        "id": "nixpkgs",
        "type": "indirect"
      }
    },
    "nixpkgs_5": {
      "locked": {
        "lastModified": 1728979988,
        "narHash": "sha256-GBJRnbFLDg0y7ridWJHAP4Nn7oss50/VNgqoXaf/RVk=",
        "owner": "NixOS",
        "repo": "nixpkgs",
        "rev": "7881fbfd2e3ed1dfa315fca889b2cfd94be39337",
        "type": "github"
      },
      "original": {
        "id": "nixpkgs",
        "type": "indirect"
      }
    },
    "root": {
      "inputs": {
        "cli-tools": "cli-tools",
        "data": "data",
        "fonts": "fonts",
        "nixpkgs": "nixpkgs_4",
        "systems": "systems_6",
        "zsh-plugins": "zsh-plugins"
      }
    },
    "squasher": {
      "inputs": {
        "nixpkgs": "nixpkgs_3",
        "systems": "systems_2",
        "treefmt-nix": "treefmt-nix_2"
      },
      "locked": {
        "lastModified": 1733124078,
        "narHash": "sha256-kE6YcKhdoIL+N6pO3DpP3ggbwrS9/ozZ11l6a+gEF+w=",
        "owner": "akirak",
        "repo": "squasher",
        "rev": "6187f9b09443a8db037e57221ff55f7fce771442",
        "type": "github"
      },
      "original": {
        "owner": "akirak",
        "repo": "squasher",
        "type": "github"
      }
    },
    "systems": {
      "locked": {
        "lastModified": 1681028828,
        "narHash": "sha256-Vy1rq5AaRuLzOxct8nz4T6wlgyUR7zLU309k9mBC768=",
        "owner": "nix-systems",
        "repo": "default",
        "rev": "da67096a3b9bf56a91d16901293e51ba5b49a27e",
        "type": "github"
      },
      "original": {
        "owner": "nix-systems",
        "repo": "default",
        "type": "github"
      }
    },
    "systems_2": {
      "locked": {
        "lastModified": 1681028828,
        "narHash": "sha256-Vy1rq5AaRuLzOxct8nz4T6wlgyUR7zLU309k9mBC768=",
        "owner": "nix-systems",
        "repo": "default",
        "rev": "da67096a3b9bf56a91d16901293e51ba5b49a27e",
        "type": "github"
      },
      "original": {
        "owner": "nix-systems",
        "repo": "default",
        "type": "github"
      }
    },
    "systems_3": {
      "locked": {
        "lastModified": 1681028828,
        "narHash": "sha256-Vy1rq5AaRuLzOxct8nz4T6wlgyUR7zLU309k9mBC768=",
        "owner": "nix-systems",
        "repo": "default",
        "rev": "da67096a3b9bf56a91d16901293e51ba5b49a27e",
        "type": "github"
      },
      "original": {
        "id": "systems",
        "type": "indirect"
      }
    },
    "systems_4": {
      "locked": {
        "lastModified": 1681028828,
        "narHash": "sha256-Vy1rq5AaRuLzOxct8nz4T6wlgyUR7zLU309k9mBC768=",
        "owner": "nix-systems",
        "repo": "default",
        "rev": "da67096a3b9bf56a91d16901293e51ba5b49a27e",
        "type": "github"
      },
      "original": {
        "owner": "nix-systems",
        "repo": "default",
        "type": "github"
      }
    },
    "systems_5": {
      "locked": {
        "lastModified": 1681028828,
        "narHash": "sha256-Vy1rq5AaRuLzOxct8nz4T6wlgyUR7zLU309k9mBC768=",
        "owner": "nix-systems",
        "repo": "default",
        "rev": "da67096a3b9bf56a91d16901293e51ba5b49a27e",
        "type": "github"
      },
      "original": {
        "owner": "nix-systems",
        "repo": "default",
        "type": "github"
      }
    },
    "systems_6": {
      "locked": {
        "lastModified": 1681028828,
        "narHash": "sha256-Vy1rq5AaRuLzOxct8nz4T6wlgyUR7zLU309k9mBC768=",
        "owner": "nix-systems",
        "repo": "default",
        "rev": "da67096a3b9bf56a91d16901293e51ba5b49a27e",
        "type": "github"
      },
      "original": {
        "owner": "nix-systems",
        "repo": "default",
        "type": "github"
      }
    },
    "systems_7": {
      "locked": {
        "lastModified": 1681028828,
        "narHash": "sha256-Vy1rq5AaRuLzOxct8nz4T6wlgyUR7zLU309k9mBC768=",
        "owner": "nix-systems",
        "repo": "default",
        "rev": "da67096a3b9bf56a91d16901293e51ba5b49a27e",
        "type": "github"
      },
      "original": {
        "owner": "nix-systems",
        "repo": "default",
        "type": "github"
      }
    },
    "treefmt-nix": {
      "inputs": {
        "nixpkgs": "nixpkgs_2"
      },
      "locked": {
        "lastModified": 1727431250,
        "narHash": "sha256-uGRlRT47ecicF9iLD1G3g43jn2e+b5KaMptb59LHnvM=",
        "owner": "numtide",
        "repo": "treefmt-nix",
        "rev": "879b29ae9a0378904fbbefe0dadaed43c8905754",
        "type": "github"
      },
      "original": {
        "owner": "numtide",
        "repo": "treefmt-nix",
        "type": "github"
      }
    },
    "treefmt-nix_2": {
      "inputs": {
        "nixpkgs": [
          "cli-tools",
          "squasher",
          "nixpkgs"
        ]
      },
      "locked": {
        "lastModified": 1732894027,
        "narHash": "sha256-2qbdorpq0TXHBWbVXaTqKoikN4bqAtAplTwGuII+oAc=",
        "owner": "numtide",
        "repo": "treefmt-nix",
        "rev": "6209c381904cab55796c5d7350e89681d3b2a8ef",
        "type": "github"
      },
      "original": {
        "owner": "numtide",
        "repo": "treefmt-nix",
        "type": "github"
      }
    },
    "zsh-auto-notify": {
      "flake": false,
      "locked": {
        "lastModified": 1720453411,
        "narHash": "sha256-ScBwky33leI8mFMpAz3Ng2Z0Gbou4EWMOAhkcMZAWIc=",
        "owner": "MichaelAquilina",
        "repo": "zsh-auto-notify",
        "rev": "27c07dddb42f05b199319a9b66473c8de7935856",
        "type": "github"
      },
      "original": {
        "owner": "MichaelAquilina",
        "repo": "zsh-auto-notify",
        "type": "github"
      }
    },
    "zsh-fast-syntax-highlighting": {
      "flake": false,
      "locked": {
        "lastModified": 1688591419,
        "narHash": "sha256-RVX9ZSzjBW3LpFs2W86lKI6vtcvDWP6EPxzeTcRZua4=",
        "owner": "zdharma-continuum",
        "repo": "fast-syntax-highlighting",
        "rev": "cf318e06a9b7c9f2219d78f41b46fa6e06011fd9",
        "type": "github"
      },
      "original": {
        "owner": "zdharma-continuum",
        "repo": "fast-syntax-highlighting",
        "type": "github"
      }
    },
    "zsh-fzy": {
      "flake": false,
      "locked": {
        "lastModified": 1610699933,
        "narHash": "sha256-C5cflRJqi+T53izr2PBJsFW6X3CVgIlY+hGT3ODC9lI=",
        "owner": "aperezdc",
        "repo": "zsh-fzy",
        "rev": "519327d9990fbea50f71649e378e650f594bb39b",
        "type": "github"
      },
      "original": {
        "owner": "aperezdc",
        "repo": "zsh-fzy",
        "type": "github"
      }
    },
    "zsh-history-filter": {
      "flake": false,
      "locked": {
        "lastModified": 1617627915,
        "narHash": "sha256-DSq/4j4KEtirrjB3nW8fR7BOFtLdaLhlnIMv2A6Ec6s=",
        "owner": "MichaelAquilina",
        "repo": "zsh-history-filter",
        "rev": "49d7987f093374fb72f0f7eef2d63e641085a226",
        "type": "github"
      },
      "original": {
        "owner": "MichaelAquilina",
        "repo": "zsh-history-filter",
        "type": "github"
      }
    },
    "zsh-nix-shell": {
      "flake": false,
      "locked": {
        "lastModified": 1704028593,
        "narHash": "sha256-Rtg8kWVLhXRuD2/Ctbtgz9MQCtKZOLpAIdommZhXKdE=",
        "owner": "chisui",
        "repo": "zsh-nix-shell",
        "rev": "82ca15e638cc208e6d8368e34a1625ed75e08f90",
        "type": "github"
      },
      "original": {
        "owner": "chisui",
        "repo": "zsh-nix-shell",
        "type": "github"
      }
    },
    "zsh-plugins": {
      "inputs": {
        "nixpkgs": "nixpkgs_5",
        "systems": "systems_7",
        "zsh-auto-notify": "zsh-auto-notify",
        "zsh-fast-syntax-highlighting": "zsh-fast-syntax-highlighting",
        "zsh-fzy": "zsh-fzy",
        "zsh-history-filter": "zsh-history-filter",
        "zsh-nix-shell": "zsh-nix-shell"
      },
      "locked": {
        "lastModified": 1,
        "narHash": "sha256-rWfstDFsrtlZKWtkrUHeHVRpf6754FCG25dAjMaD29o=",
        "path": "./zsh-plugins",
        "type": "path"
      },
      "original": {
        "path": "./zsh-plugins",
        "type": "path"
      }
    }
  },
  "root": "root",
  "version": 7
}
